
Microsoft Visual Studio Solution File, Format Version 12.00
# Visual Studio Version 17
VisualStudioVersion = 17.0.31903.59
MinimumVisualStudioVersion = 10.0.40219.1
Project("{2150E333-8FDC-42A3-9474-1A3956D46DE8}") = "src", "src", "{827E0CD3-B72D-47B6-A68D-7590B98EB39B}"
EndProject
Project("{FAE04EC0-301F-11D3-BF4B-00C04F79EFBC}") = "BasicIoTDemo.AppHost", "src\BasicIoTDemo.AppHost\BasicIoTDemo.AppHost.csproj", "{13C4B0CE-1C0A-4978-98DA-48A58B67A65B}"
EndProject
Project("{FAE04EC0-301F-11D3-BF4B-00C04F79EFBC}") = "BasicIoTDemo.ServiceDefaults", "src\BasicIoTDemo.ServiceDefaults\BasicIoTDemo.ServiceDefaults.csproj", "{40A747A7-7111-4402-BEC2-2BCE25313422}"
EndProject
Project("{FAE04EC0-301F-11D3-BF4B-00C04F79EFBC}") = "BasicIoTDemo.Shared", "src\BasicIoTDemo.Shared\BasicIoTDemo.Shared.csproj", "{804982B1-FB72-48BB-BD62-ED95225B0C7C}"
EndProject
Project("{FAE04EC0-301F-11D3-BF4B-00C04F79EFBC}") = "BasicIoTDemo.DeviceSimulator", "src\BasicIoTDemo.DeviceSimulator\BasicIoTDemo.DeviceSimulator.csproj", "{EB8707A2-11B5-4AFC-BAF2-C103CE6C99EE}"
EndProject
Project("{FAE04EC0-301F-11D3-BF4B-00C04F79EFBC}") = "BasicIoTDemo.TelemetryFunction", "src\BasicIoTDemo.TelemetryFunction\BasicIoTDemo.TelemetryFunction.csproj", "{124D2D2B-8F6B-4F5E-AC07-B211BDAF4410}"
EndProject
Project("{FAE04EC0-301F-11D3-BF4B-00C04F79EFBC}") = "BasicIoTDemo.AlarmFunction", "src\BasicIoTDemo.AlarmFunction\BasicIoTDemo.AlarmFunction.csproj", "{07D7F463-17DC-4B62-896C-EA30EF330944}"
EndProject
Project("{2150E333-8FDC-42A3-9474-1A3956D46DE8}") = "tests", "tests", "{0AB3BF05-4346-4AA6-1389-037BE0695223}"
EndProject
Project("{FAE04EC0-301F-11D3-BF4B-00C04F79EFBC}") = "BasicIoTDemo.Tests", "tests\BasicIoTDemo.Tests\BasicIoTDemo.Tests.csproj", "{2CE2D54D-B685-439E-8DB9-BE7A67BCFE5E}"
EndProject
Global
	GlobalSection(SolutionConfigurationPlatforms) = preSolution
		Debug|Any CPU = Debug|Any CPU
		Debug|x64 = Debug|x64
		Debug|x86 = Debug|x86
		Release|Any CPU = Release|Any CPU
		Release|x64 = Release|x64
		Release|x86 = Release|x86
	EndGlobalSection
	GlobalSection(ProjectConfigurationPlatforms) = postSolution
		{13C4B0CE-1C0A-4978-98DA-48A58B67A65B}.Debug|Any CPU.ActiveCfg = Debug|Any CPU
		{13C4B0CE-1C0A-4978-98DA-48A58B67A65B}.Debug|Any CPU.Build.0 = Debug|Any CPU
		{13C4B0CE-1C0A-4978-98DA-48A58B67A65B}.Debug|x64.ActiveCfg = Debug|Any CPU
		{13C4B0CE-1C0A-4978-98DA-48A58B67A65B}.Debug|x64.Build.0 = Debug|Any CPU
		{13C4B0CE-1C0A-4978-98DA-48A58B67A65B}.Debug|x86.ActiveCfg = Debug|Any CPU
		{13C4B0CE-1C0A-4978-98DA-48A58B67A65B}.Debug|x86.Build.0 = Debug|Any CPU
		{13C4B0CE-1C0A-4978-98DA-48A58B67A65B}.Release|Any CPU.ActiveCfg = Release|Any CPU
		{13C4B0CE-1C0A-4978-98DA-48A58B67A65B}.Release|Any CPU.Build.0 = Release|Any CPU
		{13C4B0CE-1C0A-4978-98DA-48A58B67A65B}.Release|x64.ActiveCfg = Release|Any CPU
		{13C4B0CE-1C0A-4978-98DA-48A58B67A65B}.Release|x64.Build.0 = Release|Any CPU
		{13C4B0CE-1C0A-4978-98DA-48A58B67A65B}.Release|x86.ActiveCfg = Release|Any CPU
		{13C4B0CE-1C0A-4978-98DA-48A58B67A65B}.Release|x86.Build.0 = Release|Any CPU
		{40A747A7-7111-4402-BEC2-2BCE25313422}.Debug|Any CPU.ActiveCfg = Debug|Any CPU
		{40A747A7-7111-4402-BEC2-2BCE25313422}.Debug|Any CPU.Build.0 = Debug|Any CPU
		{40A747A7-7111-4402-BEC2-2BCE25313422}.Debug|x64.ActiveCfg = Debug|Any CPU
		{40A747A7-7111-4402-BEC2-2BCE25313422}.Debug|x64.Build.0 = Debug|Any CPU
		{40A747A7-7111-4402-BEC2-2BCE25313422}.Debug|x86.ActiveCfg = Debug|Any CPU
		{40A747A7-7111-4402-BEC2-2BCE25313422}.Debug|x86.Build.0 = Debug|Any CPU
		{40A747A7-7111-4402-BEC2-2BCE25313422}.Release|Any CPU.ActiveCfg = Release|Any CPU
		{40A747A7-7111-4402-BEC2-2BCE25313422}.Release|Any CPU.Build.0 = Release|Any CPU
		{40A747A7-7111-4402-BEC2-2BCE25313422}.Release|x64.ActiveCfg = Release|Any CPU
		{40A747A7-7111-4402-BEC2-2BCE25313422}.Release|x64.Build.0 = Release|Any CPU
		{40A747A7-7111-4402-BEC2-2BCE25313422}.Release|x86.ActiveCfg = Release|Any CPU
		{40A747A7-7111-4402-BEC2-2BCE25313422}.Release|x86.Build.0 = Release|Any CPU
		{804982B1-FB72-48BB-BD62-ED95225B0C7C}.Debug|Any CPU.ActiveCfg = Debug|Any CPU
		{804982B1-FB72-48BB-BD62-ED95225B0C7C}.Debug|Any CPU.Build.0 = Debug|Any CPU
		{804982B1-FB72-48BB-BD62-ED95225B0C7C}.Debug|x64.ActiveCfg = Debug|Any CPU
		{804982B1-FB72-48BB-BD62-ED95225B0C7C}.Debug|x64.Build.0 = Debug|Any CPU
		{804982B1-FB72-48BB-BD62-ED95225B0C7C}.Debug|x86.ActiveCfg = Debug|Any CPU
		{804982B1-FB72-48BB-BD62-ED95225B0C7C}.Debug|x86.Build.0 = Debug|Any CPU
		{804982B1-FB72-48BB-BD62-ED95225B0C7C}.Release|Any CPU.ActiveCfg = Release|Any CPU
		{804982B1-FB72-48BB-BD62-ED95225B0C7C}.Release|Any CPU.Build.0 = Release|Any CPU
		{804982B1-FB72-48BB-BD62-ED95225B0C7C}.Release|x64.ActiveCfg = Release|Any CPU
		{804982B1-FB72-48BB-BD62-ED95225B0C7C}.Release|x64.Build.0 = Release|Any CPU
		{804982B1-FB72-48BB-BD62-ED95225B0C7C}.Release|x86.ActiveCfg = Release|Any CPU
		{804982B1-FB72-48BB-BD62-ED95225B0C7C}.Release|x86.Build.0 = Release|Any CPU
		{EB8707A2-11B5-4AFC-BAF2-C103CE6C99EE}.Debug|Any CPU.ActiveCfg = Debug|Any CPU
		{EB8707A2-11B5-4AFC-BAF2-C103CE6C99EE}.Debug|Any CPU.Build.0 = Debug|Any CPU
		{EB8707A2-11B5-4AFC-BAF2-C103CE6C99EE}.Debug|x64.ActiveCfg = Debug|Any CPU
		{EB8707A2-11B5-4AFC-BAF2-C103CE6C99EE}.Debug|x64.Build.0 = Debug|Any CPU
		{EB8707A2-11B5-4AFC-BAF2-C103CE6C99EE}.Debug|x86.ActiveCfg = Debug|Any CPU
		{EB8707A2-11B5-4AFC-BAF2-C103CE6C99EE}.Debug|x86.Build.0 = Debug|Any CPU
		{EB8707A2-11B5-4AFC-BAF2-C103CE6C99EE}.Release|Any CPU.ActiveCfg = Release|Any CPU
		{EB8707A2-11B5-4AFC-BAF2-C103CE6C99EE}.Release|Any CPU.Build.0 = Release|Any CPU
		{EB8707A2-11B5-4AFC-BAF2-C103CE6C99EE}.Release|x64.ActiveCfg = Release|Any CPU
		{EB8707A2-11B5-4AFC-BAF2-C103CE6C99EE}.Release|x64.Build.0 = Release|Any CPU
		{EB8707A2-11B5-4AFC-BAF2-C103CE6C99EE}.Release|x86.ActiveCfg = Release|Any CPU
		{EB8707A2-11B5-4AFC-BAF2-C103CE6C99EE}.Release|x86.Build.0 = Release|Any CPU
		{124D2D2B-8F6B-4F5E-AC07-B211BDAF4410}.Debug|Any CPU.ActiveCfg = Debug|Any CPU
		{124D2D2B-8F6B-4F5E-AC07-B211BDAF4410}.Debug|Any CPU.Build.0 = Debug|Any CPU
		{124D2D2B-8F6B-4F5E-AC07-B211BDAF4410}.Debug|x64.ActiveCfg = Debug|Any CPU
		{124D2D2B-8F6B-4F5E-AC07-B211BDAF4410}.Debug|x64.Build.0 = Debug|Any CPU
		{124D2D2B-8F6B-4F5E-AC07-B211BDAF4410}.Debug|x86.ActiveCfg = Debug|Any CPU
		{124D2D2B-8F6B-4F5E-AC07-B211BDAF4410}.Debug|x86.Build.0 = Debug|Any CPU
		{124D2D2B-8F6B-4F5E-AC07-B211BDAF4410}.Release|Any CPU.ActiveCfg = Release|Any CPU
		{124D2D2B-8F6B-4F5E-AC07-B211BDAF4410}.Release|Any CPU.Build.0 = Release|Any CPU
		{124D2D2B-8F6B-4F5E-AC07-B211BDAF4410}.Release|x64.ActiveCfg = Release|Any CPU
		{124D2D2B-8F6B-4F5E-AC07-B211BDAF4410}.Release|x64.Build.0 = Release|Any CPU
		{124D2D2B-8F6B-4F5E-AC07-B211BDAF4410}.Release|x86.ActiveCfg = Release|Any CPU
		{124D2D2B-8F6B-4F5E-AC07-B211BDAF4410}.Release|x86.Build.0 = Release|Any CPU
		{07D7F463-17DC-4B62-896C-EA30EF330944}.Debug|Any CPU.ActiveCfg = Debug|Any CPU
		{07D7F463-17DC-4B62-896C-EA30EF330944}.Debug|Any CPU.Build.0 = Debug|Any CPU
		{07D7F463-17DC-4B62-896C-EA30EF330944}.Debug|x64.ActiveCfg = Debug|Any CPU
		{07D7F463-17DC-4B62-896C-EA30EF330944}.Debug|x64.Build.0 = Debug|Any CPU
		{07D7F463-17DC-4B62-896C-EA30EF330944}.Debug|x86.ActiveCfg = Debug|Any CPU
		{07D7F463-17DC-4B62-896C-EA30EF330944}.Debug|x86.Build.0 = Debug|Any CPU
		{07D7F463-17DC-4B62-896C-EA30EF330944}.Release|Any CPU.ActiveCfg = Release|Any CPU
		{07D7F463-17DC-4B62-896C-EA30EF330944}.Release|Any CPU.Build.0 = Release|Any CPU
		{07D7F463-17DC-4B62-896C-EA30EF330944}.Release|x64.ActiveCfg = Release|Any CPU
		{07D7F463-17DC-4B62-896C-EA30EF330944}.Release|x64.Build.0 = Release|Any CPU
		{07D7F463-17DC-4B62-896C-EA30EF330944}.Release|x86.ActiveCfg = Release|Any CPU
		{07D7F463-17DC-4B62-896C-EA30EF330944}.Release|x86.Build.0 = Release|Any CPU
		{2CE2D54D-B685-439E-8DB9-BE7A67BCFE5E}.Debug|Any CPU.ActiveCfg = Debug|Any CPU
		{2CE2D54D-B685-439E-8DB9-BE7A67BCFE5E}.Debug|Any CPU.Build.0 = Debug|Any CPU
		{2CE2D54D-B685-439E-8DB9-BE7A67BCFE5E}.Debug|x64.ActiveCfg = Debug|Any CPU
		{2CE2D54D-B685-439E-8DB9-BE7A67BCFE5E}.Debug|x64.Build.0 = Debug|Any CPU
		{2CE2D54D-B685-439E-8DB9-BE7A67BCFE5E}.Debug|x86.ActiveCfg = Debug|Any CPU
		{2CE2D54D-B685-439E-8DB9-BE7A67BCFE5E}.Debug|x86.Build.0 = Debug|Any CPU
		{2CE2D54D-B685-439E-8DB9-BE7A67BCFE5E}.Release|Any CPU.ActiveCfg = Release|Any CPU
		{2CE2D54D-B685-439E-8DB9-BE7A67BCFE5E}.Release|Any CPU.Build.0 = Release|Any CPU
		{2CE2D54D-B685-439E-8DB9-BE7A67BCFE5E}.Release|x64.ActiveCfg = Release|Any CPU
		{2CE2D54D-B685-439E-8DB9-BE7A67BCFE5E}.Release|x64.Build.0 = Release|Any CPU
		{2CE2D54D-B685-439E-8DB9-BE7A67BCFE5E}.Release|x86.ActiveCfg = Release|Any CPU
		{2CE2D54D-B685-439E-8DB9-BE7A67BCFE5E}.Release|x86.Build.0 = Release|Any CPU
	EndGlobalSection
	GlobalSection(SolutionProperties) = preSolution
		HideSolutionNode = FALSE
	EndGlobalSection
	GlobalSection(NestedProjects) = preSolution
		{13C4B0CE-1C0A-4978-98DA-48A58B67A65B} = {827E0CD3-B72D-47B6-A68D-7590B98EB39B}
		{40A747A7-7111-4402-BEC2-2BCE25313422} = {827E0CD3-B72D-47B6-A68D-7590B98EB39B}
		{804982B1-FB72-48BB-BD62-ED95225B0C7C} = {827E0CD3-B72D-47B6-A68D-7590B98EB39B}
		{EB8707A2-11B5-4AFC-BAF2-C103CE6C99EE} = {827E0CD3-B72D-47B6-A68D-7590B98EB39B}
		{124D2D2B-8F6B-4F5E-AC07-B211BDAF4410} = {827E0CD3-B72D-47B6-A68D-7590B98EB39B}
		{07D7F463-17DC-4B62-896C-EA30EF330944} = {827E0CD3-B72D-47B6-A68D-7590B98EB39B}
		{2CE2D54D-B685-439E-8DB9-BE7A67BCFE5E} = {0AB3BF05-4346-4AA6-1389-037BE0695223}
	EndGlobalSection
EndGlobal
